// !$*UTF8*$!
{
	archiveVersion = 1;
	classes = {
	};
	objectVersion = 50;
	objects = {

/* Begin PBXBuildFile section */
		170BF3772193363D00BD8ACC /* SharedStorage.framework in Frameworks */ = {isa = PBXBuildFile; fileRef = 170BF3702193363D00BD8ACC /* SharedStorage.framework */; };
		170BF3782193363D00BD8ACC /* SharedStorage.framework in Embed Frameworks */ = {isa = PBXBuildFile; fileRef = 170BF3702193363D00BD8ACC /* SharedStorage.framework */; settings = {ATTRIBUTES = (CodeSignOnCopy, RemoveHeadersOnCopy, ); }; };
		170BF3862193368100BD8ACC /* PhoneNumber.swift in Sources */ = {isa = PBXBuildFile; fileRef = 170BF37D2193368000BD8ACC /* PhoneNumber.swift */; };
		170BF38A2193368100BD8ACC /* SharedStorage.swift in Sources */ = {isa = PBXBuildFile; fileRef = 170BF3812193368100BD8ACC /* SharedStorage.swift */; };
		170BF38C2193368100BD8ACC /* SharedStorageModel.xcdatamodeld in Sources */ = {isa = PBXBuildFile; fileRef = 170BF3832193368100BD8ACC /* SharedStorageModel.xcdatamodeld */; };
		170BF38E219336EE00BD8ACC /* SharedStorage.framework in Frameworks */ = {isa = PBXBuildFile; fileRef = 170BF3702193363D00BD8ACC /* SharedStorage.framework */; };
		170BF3912193484700BD8ACC /* VideoCollectionViewCell+Snapkit.swift in Sources */ = {isa = PBXBuildFile; fileRef = 170BF38F2193484600BD8ACC /* VideoCollectionViewCell+Snapkit.swift */; };
		170BF3922193484700BD8ACC /* VideoCollectionViewCell.swift in Sources */ = {isa = PBXBuildFile; fileRef = 170BF3902193484700BD8ACC /* VideoCollectionViewCell.swift */; };
		170BF3942193489200BD8ACC /* dna@2x.png in Resources */ = {isa = PBXBuildFile; fileRef = 170BF3932193489200BD8ACC /* dna@2x.png */; };
		170BF39821934A5B00BD8ACC /* MyTabBar.swift in Sources */ = {isa = PBXBuildFile; fileRef = 170BF39621934A5B00BD8ACC /* MyTabBar.swift */; };
		170BF39921934A5B00BD8ACC /* MyTabBar+UITabBarControllerDelegate.swift in Sources */ = {isa = PBXBuildFile; fileRef = 170BF39721934A5B00BD8ACC /* MyTabBar+UITabBarControllerDelegate.swift */; };
		170BF39B21934C6900BD8ACC /* AddBlockContactVC+CallKit.swift in Sources */ = {isa = PBXBuildFile; fileRef = 170BF39A21934C6900BD8ACC /* AddBlockContactVC+CallKit.swift */; };
		170BF3A021934D3D00BD8ACC /* ContactDetailVC+UITableviewDataSource.swift in Sources */ = {isa = PBXBuildFile; fileRef = 170BF39D21934D3D00BD8ACC /* ContactDetailVC+UITableviewDataSource.swift */; };
		170BF3A121934D3D00BD8ACC /* DebugView.swift in Sources */ = {isa = PBXBuildFile; fileRef = 170BF39E21934D3D00BD8ACC /* DebugView.swift */; };
		170BF3A221934D3D00BD8ACC /* ContactDetailVC.swift in Sources */ = {isa = PBXBuildFile; fileRef = 170BF39F21934D3D00BD8ACC /* ContactDetailVC.swift */; };
		170BF3A421934EDD00BD8ACC /* AppDelegate+UI.swift in Sources */ = {isa = PBXBuildFile; fileRef = 170BF3A321934EDD00BD8ACC /* AppDelegate+UI.swift */; };
		170BF3A62193540100BD8ACC /* VisualManager.swift in Sources */ = {isa = PBXBuildFile; fileRef = 170BF3A52193540100BD8ACC /* VisualManager.swift */; };
		170BF3A92193580C00BD8ACC /* ScamVC.swift in Sources */ = {isa = PBXBuildFile; fileRef = 170BF3A72193580C00BD8ACC /* ScamVC.swift */; };
		170BF3AA2193580C00BD8ACC /* ScamVC+UITableView.swift in Sources */ = {isa = PBXBuildFile; fileRef = 170BF3A82193580C00BD8ACC /* ScamVC+UITableView.swift */; };
		170BF3AC21935D9B00BD8ACC /* ScamPhoneNumberCell.swift in Sources */ = {isa = PBXBuildFile; fileRef = 170BF3AB21935D9B00BD8ACC /* ScamPhoneNumberCell.swift */; };
		170BF3AE21935E5B00BD8ACC /* ScamVC+CoreData.swift in Sources */ = {isa = PBXBuildFile; fileRef = 170BF3AD21935E5B00BD8ACC /* ScamVC+CoreData.swift */; };
		170BF3B02193667300BD8ACC /* ScamVC+UI.swift in Sources */ = {isa = PBXBuildFile; fileRef = 170BF3AF2193667300BD8ACC /* ScamVC+UI.swift */; };
		170BF3B221936A0100BD8ACC /* AddBlockContactVC+UI.swift in Sources */ = {isa = PBXBuildFile; fileRef = 170BF3B121936A0100BD8ACC /* AddBlockContactVC+UI.swift */; };
		17253285219317FE00ED0E7A /* ContactTableViewCell.swift in Sources */ = {isa = PBXBuildFile; fileRef = 17253284219317FE00ED0E7A /* ContactTableViewCell.swift */; };
		17253287219320E600ED0E7A /* LandingHeaderView.swift in Sources */ = {isa = PBXBuildFile; fileRef = 17253286219320E600ED0E7A /* LandingHeaderView.swift */; };
		17253289219328B200ED0E7A /* download@2x.png in Resources */ = {isa = PBXBuildFile; fileRef = 17253288219328B100ED0E7A /* download@2x.png */; };
		1725328B21932AD500ED0E7A /* AddBlockContactVC.swift in Sources */ = {isa = PBXBuildFile; fileRef = 1725328A21932AD500ED0E7A /* AddBlockContactVC.swift */; };
		176CA8082192272E00CC7431 /* TutorialViewController.swift in Sources */ = {isa = PBXBuildFile; fileRef = 176CA8072192272E00CC7431 /* TutorialViewController.swift */; };
		176CA80A219229CB00CC7431 /* Scam.jpg in Resources */ = {isa = PBXBuildFile; fileRef = 176CA809219229CB00CC7431 /* Scam.jpg */; };
		176CA81021922D3000CC7431 /* ContactVC.swift in Sources */ = {isa = PBXBuildFile; fileRef = 176CA80C21922D2F00CC7431 /* ContactVC.swift */; };
		176CA81221922D3000CC7431 /* ContactVC+UITableviewDataSource.swift in Sources */ = {isa = PBXBuildFile; fileRef = 176CA80E21922D2F00CC7431 /* ContactVC+UITableviewDataSource.swift */; };
		176CA81421922F5700CC7431 /* DataManager+Callkit.swift in Sources */ = {isa = PBXBuildFile; fileRef = 176CA81321922F5700CC7431 /* DataManager+Callkit.swift */; };
		17C6AC832191EFC300482704 /* CallDirectoryHandler.swift in Sources */ = {isa = PBXBuildFile; fileRef = 17C6AC822191EFC300482704 /* CallDirectoryHandler.swift */; };
		17C6AC872191EFC300482704 /* callHandler.appex in Embed App Extensions */ = {isa = PBXBuildFile; fileRef = 17C6AC802191EFC300482704 /* callHandler.appex */; settings = {ATTRIBUTES = (RemoveHeadersOnCopy, ); }; };
		17C6AC922192064F00482704 /* AppDelegate.swift in Sources */ = {isa = PBXBuildFile; fileRef = 17C6AC912192064F00482704 /* AppDelegate.swift */; };
		17C6AC97219207C900482704 /* CallManager.swift in Sources */ = {isa = PBXBuildFile; fileRef = 17C6AC95219207C900482704 /* CallManager.swift */; };
		17C6AC98219207C900482704 /* Call.swift in Sources */ = {isa = PBXBuildFile; fileRef = 17C6AC96219207C900482704 /* Call.swift */; };
		17C6AC9B21920D5F00482704 /* ProviderDelegate.swift in Sources */ = {isa = PBXBuildFile; fileRef = 17C6AC9A21920D5F00482704 /* ProviderDelegate.swift */; };
		17C6AC9E21920D9900482704 /* Ringtone.aif in Resources */ = {isa = PBXBuildFile; fileRef = 17C6AC9D21920D9900482704 /* Ringtone.aif */; };
		17C6ACA021920DDB00482704 /* SpeakerboxCall.swift in Sources */ = {isa = PBXBuildFile; fileRef = 17C6AC9F21920DDB00482704 /* SpeakerboxCall.swift */; };
		17C6ACA221920DEE00482704 /* SpeakerboxCallManager.swift in Sources */ = {isa = PBXBuildFile; fileRef = 17C6ACA121920DEE00482704 /* SpeakerboxCallManager.swift */; };
		17C6ACA421920EAB00482704 /* AppDelegate+Callkit.swift in Sources */ = {isa = PBXBuildFile; fileRef = 17C6ACA321920EAB00482704 /* AppDelegate+Callkit.swift */; };
		17C6ACA62192108900482704 /* NSUserActivity+StartCallConvertible.swift in Sources */ = {isa = PBXBuildFile; fileRef = 17C6ACA52192108800482704 /* NSUserActivity+StartCallConvertible.swift */; };
		17C6ACA8219210A000482704 /* StartCallConvertible.swift in Sources */ = {isa = PBXBuildFile; fileRef = 17C6ACA7219210A000482704 /* StartCallConvertible.swift */; };
		17C6ACAA21921D4C00482704 /* README.md in Resources */ = {isa = PBXBuildFile; fileRef = 17C6ACA921921D4C00482704 /* README.md */; };
		17C6ACAC2192244D00482704 /* UserDefaults+Extensions.swift in Sources */ = {isa = PBXBuildFile; fileRef = 17C6ACAB2192244D00482704 /* UserDefaults+Extensions.swift */; };
		17EB592821875CD400ABA010 /* LandingVC+UICollectionView.swift in Sources */ = {isa = PBXBuildFile; fileRef = 17EB592721875CD300ABA010 /* LandingVC+UICollectionView.swift */; };
		17EB592A2187634700ABA010 /* FeaturedCollectionViewCell.swift in Sources */ = {isa = PBXBuildFile; fileRef = 17EB59292187634700ABA010 /* FeaturedCollectionViewCell.swift */; };
		83EA5B6E2183770200FD6A0E /* Main.storyboard in Resources */ = {isa = PBXBuildFile; fileRef = 83EA5B6C2183770200FD6A0E /* Main.storyboard */; };
		83EA5B702183770300FD6A0E /* Assets.xcassets in Resources */ = {isa = PBXBuildFile; fileRef = 83EA5B6F2183770300FD6A0E /* Assets.xcassets */; };
		83EA5B732183770300FD6A0E /* LaunchScreen.storyboard in Resources */ = {isa = PBXBuildFile; fileRef = 83EA5B712183770300FD6A0E /* LaunchScreen.storyboard */; };
		83EA5B9A2183787800FD6A0E /* AppearanceService.swift in Sources */ = {isa = PBXBuildFile; fileRef = 83EA5B812183787800FD6A0E /* AppearanceService.swift */; };
		83EA5B9B2183787800FD6A0E /* Notifications.swift in Sources */ = {isa = PBXBuildFile; fileRef = 83EA5B822183787800FD6A0E /* Notifications.swift */; };
		83EA5B9C2183787800FD6A0E /* UIWindow+Category.swift in Sources */ = {isa = PBXBuildFile; fileRef = 83EA5B832183787800FD6A0E /* UIWindow+Category.swift */; };
		83EA5B9D2183787800FD6A0E /* Placeholder.swift in Sources */ = {isa = PBXBuildFile; fileRef = 83EA5B842183787800FD6A0E /* Placeholder.swift */; };
		83EA5B9E2183787800FD6A0E /* ImageView.swift in Sources */ = {isa = PBXBuildFile; fileRef = 83EA5B852183787800FD6A0E /* ImageView.swift */; };
		83EA5B9F2183787800FD6A0E /* Color.swift in Sources */ = {isa = PBXBuildFile; fileRef = 83EA5B862183787800FD6A0E /* Color.swift */; };
		83EA5BA02183787800FD6A0E /* DataManager.swift in Sources */ = {isa = PBXBuildFile; fileRef = 83EA5B882183787800FD6A0E /* DataManager.swift */; };
		83EA5BA12183787800FD6A0E /* Models.swift in Sources */ = {isa = PBXBuildFile; fileRef = 83EA5B892183787800FD6A0E /* Models.swift */; };
		83EA5BA22183787800FD6A0E /* CustomURLCache.swift in Sources */ = {isa = PBXBuildFile; fileRef = 83EA5B8B2183787800FD6A0E /* CustomURLCache.swift */; };
		83EA5BA32183787800FD6A0E /* APIManager.swift in Sources */ = {isa = PBXBuildFile; fileRef = 83EA5B8C2183787800FD6A0E /* APIManager.swift */; };
		83EA5BA42183787800FD6A0E /* LandingVC+UITableView.swift in Sources */ = {isa = PBXBuildFile; fileRef = 83EA5B8E2183787800FD6A0E /* LandingVC+UITableView.swift */; };
		83EA5BA72183787800FD6A0E /* NetworkLandingCell.swift in Sources */ = {isa = PBXBuildFile; fileRef = 83EA5B922183787800FD6A0E /* NetworkLandingCell.swift */; };
		83EA5BA82183787800FD6A0E /* HeaderSectionView.swift in Sources */ = {isa = PBXBuildFile; fileRef = 83EA5B932183787800FD6A0E /* HeaderSectionView.swift */; };
		83EA5BAC2183787800FD6A0E /* LandingVC.swift in Sources */ = {isa = PBXBuildFile; fileRef = 83EA5B972183787800FD6A0E /* LandingVC.swift */; };
		EBA292D467F4CDB381D66BE9 /* Pods_CallBlocka.framework in Frameworks */ = {isa = PBXBuildFile; fileRef = F40E4A493B5EE1311C591A2F /* Pods_CallBlocka.framework */; };
/* End PBXBuildFile section */

/* Begin PBXContainerItemProxy section */
		170BF3752193363D00BD8ACC /* PBXContainerItemProxy */ = {
			isa = PBXContainerItemProxy;
			containerPortal = 83EA5B5D2183770200FD6A0E /* Project object */;
			proxyType = 1;
			remoteGlobalIDString = 170BF36F2193363D00BD8ACC;
			remoteInfo = SharedStorage;
		};
		17C6AC852191EFC300482704 /* PBXContainerItemProxy */ = {
			isa = PBXContainerItemProxy;
			containerPortal = 83EA5B5D2183770200FD6A0E /* Project object */;
			proxyType = 1;
			remoteGlobalIDString = 17C6AC7F2191EFC300482704;
			remoteInfo = callHandler;
		};
/* End PBXContainerItemProxy section */

/* Begin PBXCopyFilesBuildPhase section */
		170BF37C2193363D00BD8ACC /* Embed Frameworks */ = {
			isa = PBXCopyFilesBuildPhase;
			buildActionMask = 2147483647;
			dstPath = "";
			dstSubfolderSpec = 10;
			files = (
				170BF3782193363D00BD8ACC /* SharedStorage.framework in Embed Frameworks */,
			);
			name = "Embed Frameworks";
			runOnlyForDeploymentPostprocessing = 0;
		};
		17C6AC8B2191EFC300482704 /* Embed App Extensions */ = {
			isa = PBXCopyFilesBuildPhase;
			buildActionMask = 2147483647;
			dstPath = "";
			dstSubfolderSpec = 13;
			files = (
				17C6AC872191EFC300482704 /* callHandler.appex in Embed App Extensions */,
			);
			name = "Embed App Extensions";
			runOnlyForDeploymentPostprocessing = 0;
		};
/* End PBXCopyFilesBuildPhase section */

/* Begin PBXFileReference section */
		02C52611C148D3F7EA1D124B /* Pods_Flikr.framework */ = {isa = PBXFileReference; explicitFileType = wrapper.framework; includeInIndex = 0; path = Pods_Flikr.framework; sourceTree = BUILT_PRODUCTS_DIR; };
		170BF3702193363D00BD8ACC /* SharedStorage.framework */ = {isa = PBXFileReference; explicitFileType = wrapper.framework; includeInIndex = 0; path = SharedStorage.framework; sourceTree = BUILT_PRODUCTS_DIR; };
		170BF37D2193368000BD8ACC /* PhoneNumber.swift */ = {isa = PBXFileReference; fileEncoding = 4; lastKnownFileType = sourcecode.swift; path = PhoneNumber.swift; sourceTree = "<group>"; };
		170BF3812193368100BD8ACC /* SharedStorage.swift */ = {isa = PBXFileReference; fileEncoding = 4; lastKnownFileType = sourcecode.swift; path = SharedStorage.swift; sourceTree = "<group>"; };
		170BF3842193368100BD8ACC /* SharedStorageModel.xcdatamodel */ = {isa = PBXFileReference; lastKnownFileType = wrapper.xcdatamodel; path = SharedStorageModel.xcdatamodel; sourceTree = "<group>"; };
		170BF38F2193484600BD8ACC /* VideoCollectionViewCell+Snapkit.swift */ = {isa = PBXFileReference; fileEncoding = 4; lastKnownFileType = sourcecode.swift; path = "VideoCollectionViewCell+Snapkit.swift"; sourceTree = "<group>"; };
		170BF3902193484700BD8ACC /* VideoCollectionViewCell.swift */ = {isa = PBXFileReference; fileEncoding = 4; lastKnownFileType = sourcecode.swift; path = VideoCollectionViewCell.swift; sourceTree = "<group>"; };
		170BF3932193489200BD8ACC /* dna@2x.png */ = {isa = PBXFileReference; lastKnownFileType = image.png; path = "dna@2x.png"; sourceTree = "<group>"; };
		170BF39621934A5B00BD8ACC /* MyTabBar.swift */ = {isa = PBXFileReference; fileEncoding = 4; lastKnownFileType = sourcecode.swift; path = MyTabBar.swift; sourceTree = "<group>"; };
		170BF39721934A5B00BD8ACC /* MyTabBar+UITabBarControllerDelegate.swift */ = {isa = PBXFileReference; fileEncoding = 4; lastKnownFileType = sourcecode.swift; path = "MyTabBar+UITabBarControllerDelegate.swift"; sourceTree = "<group>"; };
		170BF39A21934C6900BD8ACC /* AddBlockContactVC+CallKit.swift */ = {isa = PBXFileReference; fileEncoding = 4; lastKnownFileType = sourcecode.swift; path = "AddBlockContactVC+CallKit.swift"; sourceTree = "<group>"; };
		170BF39D21934D3D00BD8ACC /* ContactDetailVC+UITableviewDataSource.swift */ = {isa = PBXFileReference; fileEncoding = 4; lastKnownFileType = sourcecode.swift; path = "ContactDetailVC+UITableviewDataSource.swift"; sourceTree = "<group>"; };
		170BF39E21934D3D00BD8ACC /* DebugView.swift */ = {isa = PBXFileReference; fileEncoding = 4; lastKnownFileType = sourcecode.swift; path = DebugView.swift; sourceTree = "<group>"; };
		170BF39F21934D3D00BD8ACC /* ContactDetailVC.swift */ = {isa = PBXFileReference; fileEncoding = 4; lastKnownFileType = sourcecode.swift; path = ContactDetailVC.swift; sourceTree = "<group>"; };
		170BF3A321934EDD00BD8ACC /* AppDelegate+UI.swift */ = {isa = PBXFileReference; fileEncoding = 4; lastKnownFileType = sourcecode.swift; path = "AppDelegate+UI.swift"; sourceTree = "<group>"; };
		170BF3A52193540100BD8ACC /* VisualManager.swift */ = {isa = PBXFileReference; fileEncoding = 4; lastKnownFileType = sourcecode.swift; path = VisualManager.swift; sourceTree = "<group>"; };
		170BF3A72193580C00BD8ACC /* ScamVC.swift */ = {isa = PBXFileReference; fileEncoding = 4; lastKnownFileType = sourcecode.swift; path = ScamVC.swift; sourceTree = "<group>"; };
		170BF3A82193580C00BD8ACC /* ScamVC+UITableView.swift */ = {isa = PBXFileReference; fileEncoding = 4; lastKnownFileType = sourcecode.swift; path = "ScamVC+UITableView.swift"; sourceTree = "<group>"; };
		170BF3AB21935D9B00BD8ACC /* ScamPhoneNumberCell.swift */ = {isa = PBXFileReference; fileEncoding = 4; lastKnownFileType = sourcecode.swift; path = ScamPhoneNumberCell.swift; sourceTree = "<group>"; };
		170BF3AD21935E5B00BD8ACC /* ScamVC+CoreData.swift */ = {isa = PBXFileReference; fileEncoding = 4; lastKnownFileType = sourcecode.swift; path = "ScamVC+CoreData.swift"; sourceTree = "<group>"; };
		170BF3AF2193667300BD8ACC /* ScamVC+UI.swift */ = {isa = PBXFileReference; fileEncoding = 4; lastKnownFileType = sourcecode.swift; path = "ScamVC+UI.swift"; sourceTree = "<group>"; };
		170BF3B121936A0100BD8ACC /* AddBlockContactVC+UI.swift */ = {isa = PBXFileReference; fileEncoding = 4; lastKnownFileType = sourcecode.swift; path = "AddBlockContactVC+UI.swift"; sourceTree = "<group>"; };
		17253284219317FE00ED0E7A /* ContactTableViewCell.swift */ = {isa = PBXFileReference; fileEncoding = 4; lastKnownFileType = sourcecode.swift; path = ContactTableViewCell.swift; sourceTree = "<group>"; };
		17253286219320E600ED0E7A /* LandingHeaderView.swift */ = {isa = PBXFileReference; lastKnownFileType = sourcecode.swift; path = LandingHeaderView.swift; sourceTree = "<group>"; };
		17253288219328B100ED0E7A /* download@2x.png */ = {isa = PBXFileReference; lastKnownFileType = image.png; path = "download@2x.png"; sourceTree = "<group>"; };
		1725328A21932AD500ED0E7A /* AddBlockContactVC.swift */ = {isa = PBXFileReference; fileEncoding = 4; lastKnownFileType = sourcecode.swift; path = AddBlockContactVC.swift; sourceTree = "<group>"; };
		176CA8072192272E00CC7431 /* TutorialViewController.swift */ = {isa = PBXFileReference; fileEncoding = 4; lastKnownFileType = sourcecode.swift; path = TutorialViewController.swift; sourceTree = "<group>"; };
		176CA809219229CB00CC7431 /* Scam.jpg */ = {isa = PBXFileReference; lastKnownFileType = image.jpeg; path = Scam.jpg; sourceTree = "<group>"; };
		176CA80C21922D2F00CC7431 /* ContactVC.swift */ = {isa = PBXFileReference; fileEncoding = 4; lastKnownFileType = sourcecode.swift; path = ContactVC.swift; sourceTree = "<group>"; };
		176CA80E21922D2F00CC7431 /* ContactVC+UITableviewDataSource.swift */ = {isa = PBXFileReference; fileEncoding = 4; lastKnownFileType = sourcecode.swift; path = "ContactVC+UITableviewDataSource.swift"; sourceTree = "<group>"; };
		176CA81321922F5700CC7431 /* DataManager+Callkit.swift */ = {isa = PBXFileReference; fileEncoding = 4; lastKnownFileType = sourcecode.swift; path = "DataManager+Callkit.swift"; sourceTree = "<group>"; };
		17C6AC802191EFC300482704 /* callHandler.appex */ = {isa = PBXFileReference; explicitFileType = "wrapper.app-extension"; includeInIndex = 0; path = callHandler.appex; sourceTree = BUILT_PRODUCTS_DIR; };
		17C6AC822191EFC300482704 /* CallDirectoryHandler.swift */ = {isa = PBXFileReference; lastKnownFileType = sourcecode.swift; path = CallDirectoryHandler.swift; sourceTree = "<group>"; };
		17C6AC842191EFC300482704 /* Info.plist */ = {isa = PBXFileReference; lastKnownFileType = text.plist.xml; path = Info.plist; sourceTree = "<group>"; };
		17C6AC8C2191FFBD00482704 /* CallBlocka.entitlements */ = {isa = PBXFileReference; lastKnownFileType = text.plist.entitlements; path = CallBlocka.entitlements; sourceTree = "<group>"; };
		17C6AC8D2191FFC600482704 /* callHandler.entitlements */ = {isa = PBXFileReference; lastKnownFileType = text.plist.entitlements; path = callHandler.entitlements; sourceTree = "<group>"; };
		17C6AC912192064F00482704 /* AppDelegate.swift */ = {isa = PBXFileReference; fileEncoding = 4; lastKnownFileType = sourcecode.swift; path = AppDelegate.swift; sourceTree = "<group>"; };
		17C6AC95219207C900482704 /* CallManager.swift */ = {isa = PBXFileReference; fileEncoding = 4; lastKnownFileType = sourcecode.swift; path = CallManager.swift; sourceTree = "<group>"; };
		17C6AC96219207C900482704 /* Call.swift */ = {isa = PBXFileReference; fileEncoding = 4; lastKnownFileType = sourcecode.swift; path = Call.swift; sourceTree = "<group>"; };
		17C6AC9A21920D5F00482704 /* ProviderDelegate.swift */ = {isa = PBXFileReference; fileEncoding = 4; lastKnownFileType = sourcecode.swift; path = ProviderDelegate.swift; sourceTree = "<group>"; };
		17C6AC9D21920D9900482704 /* Ringtone.aif */ = {isa = PBXFileReference; lastKnownFileType = file; path = Ringtone.aif; sourceTree = "<group>"; };
		17C6AC9F21920DDB00482704 /* SpeakerboxCall.swift */ = {isa = PBXFileReference; fileEncoding = 4; lastKnownFileType = sourcecode.swift; path = SpeakerboxCall.swift; sourceTree = "<group>"; };
		17C6ACA121920DEE00482704 /* SpeakerboxCallManager.swift */ = {isa = PBXFileReference; fileEncoding = 4; lastKnownFileType = sourcecode.swift; path = SpeakerboxCallManager.swift; sourceTree = "<group>"; };
		17C6ACA321920EAB00482704 /* AppDelegate+Callkit.swift */ = {isa = PBXFileReference; fileEncoding = 4; lastKnownFileType = sourcecode.swift; path = "AppDelegate+Callkit.swift"; sourceTree = "<group>"; };
		17C6ACA52192108800482704 /* NSUserActivity+StartCallConvertible.swift */ = {isa = PBXFileReference; fileEncoding = 4; lastKnownFileType = sourcecode.swift; path = "NSUserActivity+StartCallConvertible.swift"; sourceTree = "<group>"; };
		17C6ACA7219210A000482704 /* StartCallConvertible.swift */ = {isa = PBXFileReference; fileEncoding = 4; lastKnownFileType = sourcecode.swift; path = StartCallConvertible.swift; sourceTree = "<group>"; };
		17C6ACA921921D4C00482704 /* README.md */ = {isa = PBXFileReference; fileEncoding = 4; lastKnownFileType = net.daringfireball.markdown; name = README.md; path = ../README.md; sourceTree = "<group>"; };
		17C6ACAB2192244D00482704 /* UserDefaults+Extensions.swift */ = {isa = PBXFileReference; fileEncoding = 4; lastKnownFileType = sourcecode.swift; path = "UserDefaults+Extensions.swift"; sourceTree = "<group>"; };
		17EB592721875CD300ABA010 /* LandingVC+UICollectionView.swift */ = {isa = PBXFileReference; fileEncoding = 4; lastKnownFileType = sourcecode.swift; path = "LandingVC+UICollectionView.swift"; sourceTree = "<group>"; };
		17EB59292187634700ABA010 /* FeaturedCollectionViewCell.swift */ = {isa = PBXFileReference; fileEncoding = 4; lastKnownFileType = sourcecode.swift; path = FeaturedCollectionViewCell.swift; sourceTree = "<group>"; };
		32D960BD8E4D47331B806105 /* Pods-CallBlocka.debug.xcconfig */ = {isa = PBXFileReference; includeInIndex = 1; lastKnownFileType = text.xcconfig; name = "Pods-CallBlocka.debug.xcconfig"; path = "Pods/Target Support Files/Pods-CallBlocka/Pods-CallBlocka.debug.xcconfig"; sourceTree = "<group>"; };
		5C98879F886E61991C993F5D /* Pods-CallBlocka.release.xcconfig */ = {isa = PBXFileReference; includeInIndex = 1; lastKnownFileType = text.xcconfig; name = "Pods-CallBlocka.release.xcconfig"; path = "Pods/Target Support Files/Pods-CallBlocka/Pods-CallBlocka.release.xcconfig"; sourceTree = "<group>"; };
		83EA5B652183770200FD6A0E /* CallBlocka.app */ = {isa = PBXFileReference; explicitFileType = wrapper.application; includeInIndex = 0; path = CallBlocka.app; sourceTree = BUILT_PRODUCTS_DIR; };
		83EA5B6D2183770200FD6A0E /* Base */ = {isa = PBXFileReference; lastKnownFileType = file.storyboard; name = Base; path = Base.lproj/Main.storyboard; sourceTree = "<group>"; };
		83EA5B6F2183770300FD6A0E /* Assets.xcassets */ = {isa = PBXFileReference; lastKnownFileType = folder.assetcatalog; path = Assets.xcassets; sourceTree = "<group>"; };
		83EA5B722183770300FD6A0E /* Base */ = {isa = PBXFileReference; lastKnownFileType = file.storyboard; name = Base; path = Base.lproj/LaunchScreen.storyboard; sourceTree = "<group>"; };
		83EA5B742183770300FD6A0E /* Info.plist */ = {isa = PBXFileReference; lastKnownFileType = text.plist.xml; path = Info.plist; sourceTree = "<group>"; };
		83EA5B812183787800FD6A0E /* AppearanceService.swift */ = {isa = PBXFileReference; fileEncoding = 4; lastKnownFileType = sourcecode.swift; path = AppearanceService.swift; sourceTree = "<group>"; };
		83EA5B822183787800FD6A0E /* Notifications.swift */ = {isa = PBXFileReference; fileEncoding = 4; lastKnownFileType = sourcecode.swift; path = Notifications.swift; sourceTree = "<group>"; };
		83EA5B832183787800FD6A0E /* UIWindow+Category.swift */ = {isa = PBXFileReference; fileEncoding = 4; lastKnownFileType = sourcecode.swift; path = "UIWindow+Category.swift"; sourceTree = "<group>"; };
		83EA5B842183787800FD6A0E /* Placeholder.swift */ = {isa = PBXFileReference; fileEncoding = 4; lastKnownFileType = sourcecode.swift; path = Placeholder.swift; sourceTree = "<group>"; };
		83EA5B852183787800FD6A0E /* ImageView.swift */ = {isa = PBXFileReference; fileEncoding = 4; lastKnownFileType = sourcecode.swift; path = ImageView.swift; sourceTree = "<group>"; };
		83EA5B862183787800FD6A0E /* Color.swift */ = {isa = PBXFileReference; fileEncoding = 4; lastKnownFileType = sourcecode.swift; path = Color.swift; sourceTree = "<group>"; };
		83EA5B882183787800FD6A0E /* DataManager.swift */ = {isa = PBXFileReference; fileEncoding = 4; lastKnownFileType = sourcecode.swift; path = DataManager.swift; sourceTree = "<group>"; };
		83EA5B892183787800FD6A0E /* Models.swift */ = {isa = PBXFileReference; fileEncoding = 4; lastKnownFileType = sourcecode.swift; path = Models.swift; sourceTree = "<group>"; };
		83EA5B8B2183787800FD6A0E /* CustomURLCache.swift */ = {isa = PBXFileReference; fileEncoding = 4; lastKnownFileType = sourcecode.swift; path = CustomURLCache.swift; sourceTree = "<group>"; };
		83EA5B8C2183787800FD6A0E /* APIManager.swift */ = {isa = PBXFileReference; fileEncoding = 4; lastKnownFileType = sourcecode.swift; path = APIManager.swift; sourceTree = "<group>"; };
		83EA5B8E2183787800FD6A0E /* LandingVC+UITableView.swift */ = {isa = PBXFileReference; fileEncoding = 4; lastKnownFileType = sourcecode.swift; path = "LandingVC+UITableView.swift"; sourceTree = "<group>"; };
		83EA5B922183787800FD6A0E /* NetworkLandingCell.swift */ = {isa = PBXFileReference; fileEncoding = 4; lastKnownFileType = sourcecode.swift; path = NetworkLandingCell.swift; sourceTree = "<group>"; };
		83EA5B932183787800FD6A0E /* HeaderSectionView.swift */ = {isa = PBXFileReference; fileEncoding = 4; lastKnownFileType = sourcecode.swift; path = HeaderSectionView.swift; sourceTree = "<group>"; };
		83EA5B972183787800FD6A0E /* LandingVC.swift */ = {isa = PBXFileReference; fileEncoding = 4; lastKnownFileType = sourcecode.swift; path = LandingVC.swift; sourceTree = "<group>"; };
		DDF70901035D9FB05A00CB05 /* Pods-Flikr.release.xcconfig */ = {isa = PBXFileReference; includeInIndex = 1; lastKnownFileType = text.xcconfig; name = "Pods-Flikr.release.xcconfig"; path = "Pods/Target Support Files/Pods-Flikr/Pods-Flikr.release.xcconfig"; sourceTree = "<group>"; };
		F40E4A493B5EE1311C591A2F /* Pods_CallBlocka.framework */ = {isa = PBXFileReference; explicitFileType = wrapper.framework; includeInIndex = 0; path = Pods_CallBlocka.framework; sourceTree = BUILT_PRODUCTS_DIR; };
		F615A9AA1E82147DD96CC669 /* Pods-Flikr.debug.xcconfig */ = {isa = PBXFileReference; includeInIndex = 1; lastKnownFileType = text.xcconfig; name = "Pods-Flikr.debug.xcconfig"; path = "Pods/Target Support Files/Pods-Flikr/Pods-Flikr.debug.xcconfig"; sourceTree = "<group>"; };
/* End PBXFileReference section */

/* Begin PBXFrameworksBuildPhase section */
		170BF36D2193363D00BD8ACC /* Frameworks */ = {
			isa = PBXFrameworksBuildPhase;
			buildActionMask = 2147483647;
			files = (
			);
			runOnlyForDeploymentPostprocessing = 0;
		};
		17C6AC7D2191EFC300482704 /* Frameworks */ = {
			isa = PBXFrameworksBuildPhase;
			buildActionMask = 2147483647;
			files = (
				170BF38E219336EE00BD8ACC /* SharedStorage.framework in Frameworks */,
			);
			runOnlyForDeploymentPostprocessing = 0;
		};
		83EA5B622183770200FD6A0E /* Frameworks */ = {
			isa = PBXFrameworksBuildPhase;
			buildActionMask = 2147483647;
			files = (
				EBA292D467F4CDB381D66BE9 /* Pods_CallBlocka.framework in Frameworks */,
				170BF3772193363D00BD8ACC /* SharedStorage.framework in Frameworks */,
			);
			runOnlyForDeploymentPostprocessing = 0;
		};
/* End PBXFrameworksBuildPhase section */

/* Begin PBXGroup section */
		170BF3712193363D00BD8ACC /* SharedStorage */ = {
			isa = PBXGroup;
			children = (
				170BF37D2193368000BD8ACC /* PhoneNumber.swift */,
				170BF3812193368100BD8ACC /* SharedStorage.swift */,
				170BF3832193368100BD8ACC /* SharedStorageModel.xcdatamodeld */,
			);
			path = SharedStorage;
			sourceTree = "<group>";
		};
		170BF39521934A5B00BD8ACC /* TabBar */ = {
			isa = PBXGroup;
			children = (
				170BF39621934A5B00BD8ACC /* MyTabBar.swift */,
				170BF39721934A5B00BD8ACC /* MyTabBar+UITabBarControllerDelegate.swift */,
			);
			path = TabBar;
			sourceTree = "<group>";
		};
		170BF39C21934D3D00BD8ACC /* Ignore */ = {
			isa = PBXGroup;
			children = (
				170BF3A52193540100BD8ACC /* VisualManager.swift */,
				170BF39F21934D3D00BD8ACC /* ContactDetailVC.swift */,
				170BF39D21934D3D00BD8ACC /* ContactDetailVC+UITableviewDataSource.swift */,
				170BF39E21934D3D00BD8ACC /* DebugView.swift */,
			);
			path = Ignore;
			sourceTree = "<group>";
		};
		17C6AC812191EFC300482704 /* callHandler */ = {
			isa = PBXGroup;
			children = (
				17C6AC8D2191FFC600482704 /* callHandler.entitlements */,
				17C6AC822191EFC300482704 /* CallDirectoryHandler.swift */,
				17C6AC842191EFC300482704 /* Info.plist */,
			);
			path = callHandler;
			sourceTree = "<group>";
		};
		17C6AC902192064F00482704 /* App */ = {
			isa = PBXGroup;
			children = (
				17C6AC912192064F00482704 /* AppDelegate.swift */,
				170BF3A321934EDD00BD8ACC /* AppDelegate+UI.swift */,
				17C6ACA321920EAB00482704 /* AppDelegate+Callkit.swift */,
			);
			path = App;
			sourceTree = "<group>";
		};
		17C6AC93219207C900482704 /* External */ = {
			isa = PBXGroup;
			children = (
				17C6AC9921920D5F00482704 /* Apple */,
				17C6AC94219207C900482704 /* Hotline */,
			);
			path = External;
			sourceTree = "<group>";
		};
		17C6AC94219207C900482704 /* Hotline */ = {
			isa = PBXGroup;
			children = (
				17C6AC95219207C900482704 /* CallManager.swift */,
				17C6AC96219207C900482704 /* Call.swift */,
			);
			path = Hotline;
			sourceTree = "<group>";
		};
		17C6AC9921920D5F00482704 /* Apple */ = {
			isa = PBXGroup;
			children = (
				17C6ACA7219210A000482704 /* StartCallConvertible.swift */,
				17C6ACA52192108800482704 /* NSUserActivity+StartCallConvertible.swift */,
				17C6ACA121920DEE00482704 /* SpeakerboxCallManager.swift */,
				17C6AC9F21920DDB00482704 /* SpeakerboxCall.swift */,
				17C6AC9A21920D5F00482704 /* ProviderDelegate.swift */,
			);
			path = Apple;
			sourceTree = "<group>";
		};
		17C6AC9C21920D9900482704 /* Other */ = {
			isa = PBXGroup;
			children = (
				170BF3932193489200BD8ACC /* dna@2x.png */,
				17253288219328B100ED0E7A /* download@2x.png */,
				176CA809219229CB00CC7431 /* Scam.jpg */,
				17C6AC9D21920D9900482704 /* Ringtone.aif */,
			);
			path = Other;
			sourceTree = "<group>";
		};
		83EA5B5C2183770200FD6A0E = {
			isa = PBXGroup;
			children = (
				17C6ACA921921D4C00482704 /* README.md */,
				17C6AC8C2191FFBD00482704 /* CallBlocka.entitlements */,
				83EA5B672183770200FD6A0E /* CallBlocka */,
				17C6AC812191EFC300482704 /* callHandler */,
				170BF3712193363D00BD8ACC /* SharedStorage */,
				83EA5B662183770200FD6A0E /* Products */,
				C8BAB9B548F6107314A6E81E /* Pods */,
				EEE97FA20802C09B49A7EC76 /* Frameworks */,
			);
			sourceTree = "<group>";
		};
		83EA5B662183770200FD6A0E /* Products */ = {
			isa = PBXGroup;
			children = (
				83EA5B652183770200FD6A0E /* CallBlocka.app */,
				17C6AC802191EFC300482704 /* callHandler.appex */,
				170BF3702193363D00BD8ACC /* SharedStorage.framework */,
			);
			name = Products;
			sourceTree = "<group>";
		};
		83EA5B672183770200FD6A0E /* CallBlocka */ = {
			isa = PBXGroup;
			children = (
				17C6AC902192064F00482704 /* App */,
				83EA5B6F2183770300FD6A0E /* Assets.xcassets */,
				83EA5B8D2183787800FD6A0E /* Controller */,
				83EA5B872183787800FD6A0E /* DataModelNetwork */,
				83EA5B802183787800FD6A0E /* Extensions */,
				17C6AC93219207C900482704 /* External */,
				83EA5B742183770300FD6A0E /* Info.plist */,
				83EA5B712183770300FD6A0E /* LaunchScreen.storyboard */,
				83EA5B6C2183770200FD6A0E /* Main.storyboard */,
				17C6AC9C21920D9900482704 /* Other */,
			);
			path = CallBlocka;
			sourceTree = "<group>";
		};
		83EA5B802183787800FD6A0E /* Extensions */ = {
			isa = PBXGroup;
			children = (
				17C6ACAB2192244D00482704 /* UserDefaults+Extensions.swift */,
				83EA5B812183787800FD6A0E /* AppearanceService.swift */,
				83EA5B822183787800FD6A0E /* Notifications.swift */,
				83EA5B832183787800FD6A0E /* UIWindow+Category.swift */,
				83EA5B842183787800FD6A0E /* Placeholder.swift */,
				83EA5B852183787800FD6A0E /* ImageView.swift */,
				83EA5B862183787800FD6A0E /* Color.swift */,
			);
			path = Extensions;
			sourceTree = "<group>";
		};
		83EA5B872183787800FD6A0E /* DataModelNetwork */ = {
			isa = PBXGroup;
			children = (
				83EA5B882183787800FD6A0E /* DataManager.swift */,
				176CA81321922F5700CC7431 /* DataManager+Callkit.swift */,
				83EA5B892183787800FD6A0E /* Models.swift */,
				83EA5B8A2183787800FD6A0E /* API */,
			);
			path = DataModelNetwork;
			sourceTree = "<group>";
		};
		83EA5B8A2183787800FD6A0E /* API */ = {
			isa = PBXGroup;
			children = (
				83EA5B8B2183787800FD6A0E /* CustomURLCache.swift */,
				83EA5B8C2183787800FD6A0E /* APIManager.swift */,
			);
			path = API;
			sourceTree = "<group>";
		};
		83EA5B8D2183787800FD6A0E /* Controller */ = {
			isa = PBXGroup;
			children = (
				170BF39C21934D3D00BD8ACC /* Ignore */,
				83EA5B902183787800FD6A0E /* Cells */,
				170BF39521934A5B00BD8ACC /* TabBar */,
				1725328A21932AD500ED0E7A /* AddBlockContactVC.swift */,
				170BF3B121936A0100BD8ACC /* AddBlockContactVC+UI.swift */,
				170BF39A21934C6900BD8ACC /* AddBlockContactVC+CallKit.swift */,
				176CA80C21922D2F00CC7431 /* ContactVC.swift */,
				176CA80E21922D2F00CC7431 /* ContactVC+UITableviewDataSource.swift */,
				83EA5B972183787800FD6A0E /* LandingVC.swift */,
				17EB592721875CD300ABA010 /* LandingVC+UICollectionView.swift */,
				83EA5B8E2183787800FD6A0E /* LandingVC+UITableView.swift */,
				170BF3A72193580C00BD8ACC /* ScamVC.swift */,
				170BF3AF2193667300BD8ACC /* ScamVC+UI.swift */,
				170BF3AD21935E5B00BD8ACC /* ScamVC+CoreData.swift */,
				170BF3A82193580C00BD8ACC /* ScamVC+UITableView.swift */,
				176CA8072192272E00CC7431 /* TutorialViewController.swift */,
			);
			path = Controller;
			sourceTree = "<group>";
		};
		83EA5B902183787800FD6A0E /* Cells */ = {
			isa = PBXGroup;
			children = (
				170BF3AB21935D9B00BD8ACC /* ScamPhoneNumberCell.swift */,
				17253284219317FE00ED0E7A /* ContactTableViewCell.swift */,
				17EB59292187634700ABA010 /* FeaturedCollectionViewCell.swift */,
				83EA5B932183787800FD6A0E /* HeaderSectionView.swift */,
				17253286219320E600ED0E7A /* LandingHeaderView.swift */,
				83EA5B922183787800FD6A0E /* NetworkLandingCell.swift */,
				170BF3902193484700BD8ACC /* VideoCollectionViewCell.swift */,
				170BF38F2193484600BD8ACC /* VideoCollectionViewCell+Snapkit.swift */,
			);
			path = Cells;
			sourceTree = "<group>";
		};
		C8BAB9B548F6107314A6E81E /* Pods */ = {
			isa = PBXGroup;
			children = (
				F615A9AA1E82147DD96CC669 /* Pods-Flikr.debug.xcconfig */,
				DDF70901035D9FB05A00CB05 /* Pods-Flikr.release.xcconfig */,
				32D960BD8E4D47331B806105 /* Pods-CallBlocka.debug.xcconfig */,
				5C98879F886E61991C993F5D /* Pods-CallBlocka.release.xcconfig */,
			);
			name = Pods;
			sourceTree = "<group>";
		};
		EEE97FA20802C09B49A7EC76 /* Frameworks */ = {
			isa = PBXGroup;
			children = (
				02C52611C148D3F7EA1D124B /* Pods_Flikr.framework */,
				F40E4A493B5EE1311C591A2F /* Pods_CallBlocka.framework */,
			);
			name = Frameworks;
			sourceTree = "<group>";
		};
/* End PBXGroup section */

/* Begin PBXHeadersBuildPhase section */
		170BF36B2193363D00BD8ACC /* Headers */ = {
			isa = PBXHeadersBuildPhase;
			buildActionMask = 2147483647;
			files = (
			);
			runOnlyForDeploymentPostprocessing = 0;
		};
/* End PBXHeadersBuildPhase section */

/* Begin PBXNativeTarget section */
		170BF36F2193363D00BD8ACC /* SharedStorage */ = {
			isa = PBXNativeTarget;
			buildConfigurationList = 170BF3792193363D00BD8ACC /* Build configuration list for PBXNativeTarget "SharedStorage" */;
			buildPhases = (
				170BF36B2193363D00BD8ACC /* Headers */,
				170BF36C2193363D00BD8ACC /* Sources */,
				170BF36D2193363D00BD8ACC /* Frameworks */,
				170BF36E2193363D00BD8ACC /* Resources */,
			);
			buildRules = (
			);
			dependencies = (
			);
			name = SharedStorage;
			productName = SharedStorage;
			productReference = 170BF3702193363D00BD8ACC /* SharedStorage.framework */;
			productType = "com.apple.product-type.framework";
		};
		17C6AC7F2191EFC300482704 /* callHandler */ = {
			isa = PBXNativeTarget;
			buildConfigurationList = 17C6AC882191EFC300482704 /* Build configuration list for PBXNativeTarget "callHandler" */;
			buildPhases = (
				17C6AC7C2191EFC300482704 /* Sources */,
				17C6AC7D2191EFC300482704 /* Frameworks */,
				17C6AC7E2191EFC300482704 /* Resources */,
			);
			buildRules = (
			);
			dependencies = (
			);
			name = callHandler;
			productName = callHandler;
			productReference = 17C6AC802191EFC300482704 /* callHandler.appex */;
			productType = "com.apple.product-type.app-extension";
		};
		83EA5B642183770200FD6A0E /* CallBlocka */ = {
			isa = PBXNativeTarget;
			buildConfigurationList = 83EA5B772183770300FD6A0E /* Build configuration list for PBXNativeTarget "CallBlocka" */;
			buildPhases = (
				66A85D48CA73E2662287EBAE /* [CP] Check Pods Manifest.lock */,
				83EA5B612183770200FD6A0E /* Sources */,
				83EA5B622183770200FD6A0E /* Frameworks */,
				83EA5B632183770200FD6A0E /* Resources */,
				CF3933C45D52B647BB7F1E21 /* [CP] Embed Pods Frameworks */,
				17C6AC8B2191EFC300482704 /* Embed App Extensions */,
				170BF37C2193363D00BD8ACC /* Embed Frameworks */,
			);
			buildRules = (
			);
			dependencies = (
				17C6AC862191EFC300482704 /* PBXTargetDependency */,
				170BF3762193363D00BD8ACC /* PBXTargetDependency */,
			);
			name = CallBlocka;
			productName = Flikr;
			productReference = 83EA5B652183770200FD6A0E /* CallBlocka.app */;
			productType = "com.apple.product-type.application";
		};
/* End PBXNativeTarget section */

/* Begin PBXProject section */
		83EA5B5D2183770200FD6A0E /* Project object */ = {
			isa = PBXProject;
			attributes = {
				LastSwiftUpdateCheck = 1010;
				LastUpgradeCheck = 1000;
				ORGANIZATIONNAME = "John Pope";
				TargetAttributes = {
					170BF36F2193363D00BD8ACC = {
						CreatedOnToolsVersion = 10.1;
						LastSwiftMigration = 1010;
					};
					17C6AC7F2191EFC300482704 = {
						CreatedOnToolsVersion = 10.1;
						SystemCapabilities = {
							com.apple.ApplicationGroups.iOS = {
								enabled = 1;
							};
						};
					};
					83EA5B642183770200FD6A0E = {
						CreatedOnToolsVersion = 10.0;
						SystemCapabilities = {
							com.apple.ApplicationGroups.iOS = {
								enabled = 1;
							};
						};
					};
				};
			};
			buildConfigurationList = 83EA5B602183770200FD6A0E /* Build configuration list for PBXProject "CallBlocka" */;
			compatibilityVersion = "Xcode 9.3";
			developmentRegion = en;
			hasScannedForEncodings = 0;
			knownRegions = (
				en,
				Base,
			);
			mainGroup = 83EA5B5C2183770200FD6A0E;
			productRefGroup = 83EA5B662183770200FD6A0E /* Products */;
			projectDirPath = "";
			projectRoot = "";
			targets = (
				83EA5B642183770200FD6A0E /* CallBlocka */,
				17C6AC7F2191EFC300482704 /* callHandler */,
				170BF36F2193363D00BD8ACC /* SharedStorage */,
			);
		};
/* End PBXProject section */

/* Begin PBXResourcesBuildPhase section */
		170BF36E2193363D00BD8ACC /* Resources */ = {
			isa = PBXResourcesBuildPhase;
			buildActionMask = 2147483647;
			files = (
			);
			runOnlyForDeploymentPostprocessing = 0;
		};
		17C6AC7E2191EFC300482704 /* Resources */ = {
			isa = PBXResourcesBuildPhase;
			buildActionMask = 2147483647;
			files = (
			);
			runOnlyForDeploymentPostprocessing = 0;
		};
		83EA5B632183770200FD6A0E /* Resources */ = {
			isa = PBXResourcesBuildPhase;
			buildActionMask = 2147483647;
			files = (
				17C6AC9E21920D9900482704 /* Ringtone.aif in Resources */,
				83EA5B732183770300FD6A0E /* LaunchScreen.storyboard in Resources */,
				170BF3942193489200BD8ACC /* dna@2x.png in Resources */,
				17C6ACAA21921D4C00482704 /* README.md in Resources */,
				83EA5B702183770300FD6A0E /* Assets.xcassets in Resources */,
				17253289219328B200ED0E7A /* download@2x.png in Resources */,
				83EA5B6E2183770200FD6A0E /* Main.storyboard in Resources */,
				176CA80A219229CB00CC7431 /* Scam.jpg in Resources */,
			);
			runOnlyForDeploymentPostprocessing = 0;
		};
/* End PBXResourcesBuildPhase section */

/* Begin PBXShellScriptBuildPhase section */
		66A85D48CA73E2662287EBAE /* [CP] Check Pods Manifest.lock */ = {
			isa = PBXShellScriptBuildPhase;
			buildActionMask = 2147483647;
			files = (
			);
			inputFileListPaths = (
			);
			inputPaths = (
				"${PODS_PODFILE_DIR_PATH}/Podfile.lock",
				"${PODS_ROOT}/Manifest.lock",
			);
			name = "[CP] Check Pods Manifest.lock";
			outputFileListPaths = (
			);
			outputPaths = (
				"$(DERIVED_FILE_DIR)/Pods-CallBlocka-checkManifestLockResult.txt",
			);
			runOnlyForDeploymentPostprocessing = 0;
			shellPath = /bin/sh;
			shellScript = "diff \"${PODS_PODFILE_DIR_PATH}/Podfile.lock\" \"${PODS_ROOT}/Manifest.lock\" > /dev/null\nif [ $? != 0 ] ; then\n    # print error to STDERR\n    echo \"error: The sandbox is not in sync with the Podfile.lock. Run 'pod install' or update your CocoaPods installation.\" >&2\n    exit 1\nfi\n# This output is used by Xcode 'outputs' to avoid re-running this script phase.\necho \"SUCCESS\" > \"${SCRIPT_OUTPUT_FILE_0}\"\n";
			showEnvVarsInLog = 0;
		};
		CF3933C45D52B647BB7F1E21 /* [CP] Embed Pods Frameworks */ = {
			isa = PBXShellScriptBuildPhase;
			buildActionMask = 2147483647;
			files = (
			);
			inputFileListPaths = (
			);
			inputPaths = (
				"${SRCROOT}/Pods/Target Support Files/Pods-CallBlocka/Pods-CallBlocka-frameworks.sh",
				"${BUILT_PRODUCTS_DIR}/Alamofire/Alamofire.framework",
				"${BUILT_PRODUCTS_DIR}/CocoaLumberjack/CocoaLumberjack.framework",
				"${BUILT_PRODUCTS_DIR}/CodableAlamofire/CodableAlamofire.framework",
				"${BUILT_PRODUCTS_DIR}/Device/Device.framework",
				"${BUILT_PRODUCTS_DIR}/LumberjackConsole/LumberjackConsole.framework",
				"${BUILT_PRODUCTS_DIR}/Material/Material.framework",
				"${BUILT_PRODUCTS_DIR}/Motion/Motion.framework",
				"${BUILT_PRODUCTS_DIR}/NBUCore/NBUCore.framework",
				"${BUILT_PRODUCTS_DIR}/SDWebImage/SDWebImage.framework",
				"${BUILT_PRODUCTS_DIR}/SnapKit/SnapKit.framework",
			);
			name = "[CP] Embed Pods Frameworks";
			outputFileListPaths = (
			);
			outputPaths = (
				"${TARGET_BUILD_DIR}/${FRAMEWORKS_FOLDER_PATH}/Alamofire.framework",
				"${TARGET_BUILD_DIR}/${FRAMEWORKS_FOLDER_PATH}/CocoaLumberjack.framework",
				"${TARGET_BUILD_DIR}/${FRAMEWORKS_FOLDER_PATH}/CodableAlamofire.framework",
				"${TARGET_BUILD_DIR}/${FRAMEWORKS_FOLDER_PATH}/Device.framework",
				"${TARGET_BUILD_DIR}/${FRAMEWORKS_FOLDER_PATH}/LumberjackConsole.framework",
				"${TARGET_BUILD_DIR}/${FRAMEWORKS_FOLDER_PATH}/Material.framework",
				"${TARGET_BUILD_DIR}/${FRAMEWORKS_FOLDER_PATH}/Motion.framework",
				"${TARGET_BUILD_DIR}/${FRAMEWORKS_FOLDER_PATH}/NBUCore.framework",
				"${TARGET_BUILD_DIR}/${FRAMEWORKS_FOLDER_PATH}/SDWebImage.framework",
				"${TARGET_BUILD_DIR}/${FRAMEWORKS_FOLDER_PATH}/SnapKit.framework",
			);
			runOnlyForDeploymentPostprocessing = 0;
			shellPath = /bin/sh;
			shellScript = "\"${SRCROOT}/Pods/Target Support Files/Pods-CallBlocka/Pods-CallBlocka-frameworks.sh\"\n";
			showEnvVarsInLog = 0;
		};
/* End PBXShellScriptBuildPhase section */

/* Begin PBXSourcesBuildPhase section */
		170BF36C2193363D00BD8ACC /* Sources */ = {
			isa = PBXSourcesBuildPhase;
			buildActionMask = 2147483647;
			files = (
				170BF38C2193368100BD8ACC /* SharedStorageModel.xcdatamodeld in Sources */,
				170BF3862193368100BD8ACC /* PhoneNumber.swift in Sources */,
				170BF38A2193368100BD8ACC /* SharedStorage.swift in Sources */,
			);
			runOnlyForDeploymentPostprocessing = 0;
		};
		17C6AC7C2191EFC300482704 /* Sources */ = {
			isa = PBXSourcesBuildPhase;
			buildActionMask = 2147483647;
			files = (
				17C6AC832191EFC300482704 /* CallDirectoryHandler.swift in Sources */,
			);
			runOnlyForDeploymentPostprocessing = 0;
		};
		83EA5B612183770200FD6A0E /* Sources */ = {
			isa = PBXSourcesBuildPhase;
			buildActionMask = 2147483647;
			files = (
				176CA81421922F5700CC7431 /* DataManager+Callkit.swift in Sources */,
				83EA5BA32183787800FD6A0E /* APIManager.swift in Sources */,
				170BF3A421934EDD00BD8ACC /* AppDelegate+UI.swift in Sources */,
				170BF3912193484700BD8ACC /* VideoCollectionViewCell+Snapkit.swift in Sources */,
				17C6AC98219207C900482704 /* Call.swift in Sources */,
				17C6AC9B21920D5F00482704 /* ProviderDelegate.swift in Sources */,
				83EA5B9C2183787800FD6A0E /* UIWindow+Category.swift in Sources */,
				170BF3AA2193580C00BD8ACC /* ScamVC+UITableView.swift in Sources */,
				17253285219317FE00ED0E7A /* ContactTableViewCell.swift in Sources */,
				170BF3AC21935D9B00BD8ACC /* ScamPhoneNumberCell.swift in Sources */,
				170BF3AE21935E5B00BD8ACC /* ScamVC+CoreData.swift in Sources */,
				170BF3B221936A0100BD8ACC /* AddBlockContactVC+UI.swift in Sources */,
				170BF3A221934D3D00BD8ACC /* ContactDetailVC.swift in Sources */,
				17C6ACA62192108900482704 /* NSUserActivity+StartCallConvertible.swift in Sources */,
				170BF3A021934D3D00BD8ACC /* ContactDetailVC+UITableviewDataSource.swift in Sources */,
				176CA81221922D3000CC7431 /* ContactVC+UITableviewDataSource.swift in Sources */,
				17C6AC97219207C900482704 /* CallManager.swift in Sources */,
				83EA5B9B2183787800FD6A0E /* Notifications.swift in Sources */,
				170BF39921934A5B00BD8ACC /* MyTabBar+UITabBarControllerDelegate.swift in Sources */,
				83EA5B9A2183787800FD6A0E /* AppearanceService.swift in Sources */,
				17C6ACAC2192244D00482704 /* UserDefaults+Extensions.swift in Sources */,
				83EA5B9F2183787800FD6A0E /* Color.swift in Sources */,
				170BF39821934A5B00BD8ACC /* MyTabBar.swift in Sources */,
				17EB592821875CD400ABA010 /* LandingVC+UICollectionView.swift in Sources */,
				17C6ACA021920DDB00482704 /* SpeakerboxCall.swift in Sources */,
				170BF3A62193540100BD8ACC /* VisualManager.swift in Sources */,
				83EA5BAC2183787800FD6A0E /* LandingVC.swift in Sources */,
				176CA81021922D3000CC7431 /* ContactVC.swift in Sources */,
				83EA5BA82183787800FD6A0E /* HeaderSectionView.swift in Sources */,
				83EA5B9E2183787800FD6A0E /* ImageView.swift in Sources */,
				83EA5BA72183787800FD6A0E /* NetworkLandingCell.swift in Sources */,
				83EA5BA02183787800FD6A0E /* DataManager.swift in Sources */,
				17C6ACA421920EAB00482704 /* AppDelegate+Callkit.swift in Sources */,
				170BF3B02193667300BD8ACC /* ScamVC+UI.swift in Sources */,
				83EA5B9D2183787800FD6A0E /* Placeholder.swift in Sources */,
				17C6ACA221920DEE00482704 /* SpeakerboxCallManager.swift in Sources */,
				17C6ACA8219210A000482704 /* StartCallConvertible.swift in Sources */,
				170BF3A92193580C00BD8ACC /* ScamVC.swift in Sources */,
				170BF3A121934D3D00BD8ACC /* DebugView.swift in Sources */,
				83EA5BA22183787800FD6A0E /* CustomURLCache.swift in Sources */,
				83EA5BA12183787800FD6A0E /* Models.swift in Sources */,
				17EB592A2187634700ABA010 /* FeaturedCollectionViewCell.swift in Sources */,
				170BF39B21934C6900BD8ACC /* AddBlockContactVC+CallKit.swift in Sources */,
				170BF3922193484700BD8ACC /* VideoCollectionViewCell.swift in Sources */,
				17253287219320E600ED0E7A /* LandingHeaderView.swift in Sources */,
				1725328B21932AD500ED0E7A /* AddBlockContactVC.swift in Sources */,
				83EA5BA42183787800FD6A0E /* LandingVC+UITableView.swift in Sources */,
				176CA8082192272E00CC7431 /* TutorialViewController.swift in Sources */,
				17C6AC922192064F00482704 /* AppDelegate.swift in Sources */,
			);
			runOnlyForDeploymentPostprocessing = 0;
		};
/* End PBXSourcesBuildPhase section */

/* Begin PBXTargetDependency section */
		170BF3762193363D00BD8ACC /* PBXTargetDependency */ = {
			isa = PBXTargetDependency;
			target = 170BF36F2193363D00BD8ACC /* SharedStorage */;
			targetProxy = 170BF3752193363D00BD8ACC /* PBXContainerItemProxy */;
		};
		17C6AC862191EFC300482704 /* PBXTargetDependency */ = {
			isa = PBXTargetDependency;
			target = 17C6AC7F2191EFC300482704 /* callHandler */;
			targetProxy = 17C6AC852191EFC300482704 /* PBXContainerItemProxy */;
		};
/* End PBXTargetDependency section */

/* Begin PBXVariantGroup section */
		83EA5B6C2183770200FD6A0E /* Main.storyboard */ = {
			isa = PBXVariantGroup;
			children = (
				83EA5B6D2183770200FD6A0E /* Base */,
			);
			name = Main.storyboard;
			sourceTree = "<group>";
		};
		83EA5B712183770300FD6A0E /* LaunchScreen.storyboard */ = {
			isa = PBXVariantGroup;
			children = (
				83EA5B722183770300FD6A0E /* Base */,
			);
			name = LaunchScreen.storyboard;
			sourceTree = "<group>";
		};
/* End PBXVariantGroup section */

/* Begin XCBuildConfiguration section */
		170BF37A2193363D00BD8ACC /* Debug */ = {
			isa = XCBuildConfiguration;
			buildSettings = {
				CLANG_ENABLE_MODULES = YES;
				CODE_SIGN_IDENTITY = "";
				CODE_SIGN_STYLE = Automatic;
				CURRENT_PROJECT_VERSION = 1;
				DEFINES_MODULE = YES;
				DEVELOPMENT_TEAM = KL43C67G5Z;
				DYLIB_COMPATIBILITY_VERSION = 1;
				DYLIB_CURRENT_VERSION = 1;
				DYLIB_INSTALL_NAME_BASE = "@rpath";
				INFOPLIST_FILE = SharedStorage/Info.plist;
				INSTALL_PATH = "$(LOCAL_LIBRARY_DIR)/Frameworks";
				IPHONEOS_DEPLOYMENT_TARGET = 11.1;
				LD_RUNPATH_SEARCH_PATHS = (
					"$(inherited)",
					"@executable_path/Frameworks",
					"@loader_path/Frameworks",
				);
				PRODUCT_BUNDLE_IDENTIFIER = BG.SharedStorage;
				PRODUCT_NAME = "$(TARGET_NAME:c99extidentifier)";
				SKIP_INSTALL = YES;
				SWIFT_OPTIMIZATION_LEVEL = "-Onone";
				SWIFT_VERSION = 4.2;
				TARGETED_DEVICE_FAMILY = "1,2";
				VERSIONING_SYSTEM = "apple-generic";
				VERSION_INFO_PREFIX = "";
			};
			name = Debug;
		};
		170BF37B2193363D00BD8ACC /* Release */ = {
			isa = XCBuildConfiguration;
			buildSettings = {
				CLANG_ENABLE_MODULES = YES;
				CODE_SIGN_IDENTITY = "";
				CODE_SIGN_STYLE = Automatic;
				CURRENT_PROJECT_VERSION = 1;
				DEFINES_MODULE = YES;
				DEVELOPMENT_TEAM = KL43C67G5Z;
				DYLIB_COMPATIBILITY_VERSION = 1;
				DYLIB_CURRENT_VERSION = 1;
				DYLIB_INSTALL_NAME_BASE = "@rpath";
				INFOPLIST_FILE = SharedStorage/Info.plist;
				INSTALL_PATH = "$(LOCAL_LIBRARY_DIR)/Frameworks";
				IPHONEOS_DEPLOYMENT_TARGET = 11.1;
				LD_RUNPATH_SEARCH_PATHS = (
					"$(inherited)",
					"@executable_path/Frameworks",
					"@loader_path/Frameworks",
				);
				PRODUCT_BUNDLE_IDENTIFIER = BG.SharedStorage;
				PRODUCT_NAME = "$(TARGET_NAME:c99extidentifier)";
				SKIP_INSTALL = YES;
				SWIFT_VERSION = 4.2;
				TARGETED_DEVICE_FAMILY = "1,2";
				VERSIONING_SYSTEM = "apple-generic";
				VERSION_INFO_PREFIX = "";
			};
			name = Release;
		};
		17C6AC892191EFC300482704 /* Debug */ = {
			isa = XCBuildConfiguration;
			buildSettings = {
				ARCHS = "$(ARCHS_STANDARD_64_BIT)";
				CODE_SIGN_ENTITLEMENTS = callHandler/callHandler.entitlements;
				CODE_SIGN_STYLE = Automatic;
				DEVELOPMENT_TEAM = KL43C67G5Z;
				INFOPLIST_FILE = callHandler/Info.plist;
				IPHONEOS_DEPLOYMENT_TARGET = 12.1;
				LD_RUNPATH_SEARCH_PATHS = (
					"$(inherited)",
					"@executable_path/Frameworks",
					"@executable_path/../../Frameworks",
				);
				PRODUCT_BUNDLE_IDENTIFIER = com.johndpope.callBlocka.callHandler;
				PRODUCT_NAME = "$(TARGET_NAME)";
				SKIP_INSTALL = YES;
				SWIFT_VERSION = 4.2;
				TARGETED_DEVICE_FAMILY = "1,2";
			};
			name = Debug;
		};
		17C6AC8A2191EFC300482704 /* Release */ = {
			isa = XCBuildConfiguration;
			buildSettings = {
				ARCHS = "$(ARCHS_STANDARD_64_BIT)";
				CODE_SIGN_ENTITLEMENTS = callHandler/callHandler.entitlements;
				CODE_SIGN_STYLE = Automatic;
				DEVELOPMENT_TEAM = KL43C67G5Z;
				INFOPLIST_FILE = callHandler/Info.plist;
				IPHONEOS_DEPLOYMENT_TARGET = 12.1;
				LD_RUNPATH_SEARCH_PATHS = (
					"$(inherited)",
					"@executable_path/Frameworks",
					"@executable_path/../../Frameworks",
				);
				PRODUCT_BUNDLE_IDENTIFIER = com.johndpope.callBlocka.callHandler;
				PRODUCT_NAME = "$(TARGET_NAME)";
				SKIP_INSTALL = YES;
				SWIFT_VERSION = 4.2;
				TARGETED_DEVICE_FAMILY = "1,2";
			};
			name = Release;
		};
		83EA5B752183770300FD6A0E /* Debug */ = {
			isa = XCBuildConfiguration;
			buildSettings = {
				ALWAYS_SEARCH_USER_PATHS = NO;
				CLANG_ANALYZER_NONNULL = YES;
				CLANG_ANALYZER_NUMBER_OBJECT_CONVERSION = YES_AGGRESSIVE;
				CLANG_CXX_LANGUAGE_STANDARD = "gnu++14";
				CLANG_CXX_LIBRARY = "libc++";
				CLANG_ENABLE_MODULES = YES;
				CLANG_ENABLE_OBJC_ARC = YES;
				CLANG_ENABLE_OBJC_WEAK = YES;
				CLANG_WARN_BLOCK_CAPTURE_AUTORELEASING = YES;
				CLANG_WARN_BOOL_CONVERSION = YES;
				CLANG_WARN_COMMA = YES;
				CLANG_WARN_CONSTANT_CONVERSION = YES;
				CLANG_WARN_DEPRECATED_OBJC_IMPLEMENTATIONS = YES;
				CLANG_WARN_DIRECT_OBJC_ISA_USAGE = YES_ERROR;
				CLANG_WARN_DOCUMENTATION_COMMENTS = YES;
				CLANG_WARN_EMPTY_BODY = YES;
				CLANG_WARN_ENUM_CONVERSION = YES;
				CLANG_WARN_INFINITE_RECURSION = YES;
				CLANG_WARN_INT_CONVERSION = YES;
				CLANG_WARN_NON_LITERAL_NULL_CONVERSION = YES;
				CLANG_WARN_OBJC_IMPLICIT_RETAIN_SELF = YES;
				CLANG_WARN_OBJC_LITERAL_CONVERSION = YES;
				CLANG_WARN_OBJC_ROOT_CLASS = YES_ERROR;
				CLANG_WARN_RANGE_LOOP_ANALYSIS = YES;
				CLANG_WARN_STRICT_PROTOTYPES = YES;
				CLANG_WARN_SUSPICIOUS_MOVE = YES;
				CLANG_WARN_UNGUARDED_AVAILABILITY = YES_AGGRESSIVE;
				CLANG_WARN_UNREACHABLE_CODE = YES;
				CLANG_WARN__DUPLICATE_METHOD_MATCH = YES;
				CODE_SIGN_IDENTITY = "iPhone Developer";
				COPY_PHASE_STRIP = NO;
				DEBUG_INFORMATION_FORMAT = dwarf;
				ENABLE_STRICT_OBJC_MSGSEND = YES;
				ENABLE_TESTABILITY = YES;
				GCC_C_LANGUAGE_STANDARD = gnu11;
				GCC_DYNAMIC_NO_PIC = NO;
				GCC_NO_COMMON_BLOCKS = YES;
				GCC_OPTIMIZATION_LEVEL = 0;
				GCC_PREPROCESSOR_DEFINITIONS = (
					"DEBUG=1",
					"$(inherited)",
				);
				GCC_WARN_64_TO_32_BIT_CONVERSION = YES;
				GCC_WARN_ABOUT_RETURN_TYPE = YES_ERROR;
				GCC_WARN_UNDECLARED_SELECTOR = YES;
				GCC_WARN_UNINITIALIZED_AUTOS = YES_AGGRESSIVE;
				GCC_WARN_UNUSED_FUNCTION = YES;
				GCC_WARN_UNUSED_VARIABLE = YES;
				IPHONEOS_DEPLOYMENT_TARGET = 11.1;
				MTL_ENABLE_DEBUG_INFO = INCLUDE_SOURCE;
				MTL_FAST_MATH = YES;
				ONLY_ACTIVE_ARCH = YES;
				SDKROOT = iphoneos;
				SWIFT_ACTIVE_COMPILATION_CONDITIONS = DEBUG;
				SWIFT_OPTIMIZATION_LEVEL = "-Onone";
				SWIFT_VERSION = 4.0;
			};
			name = Debug;
		};
		83EA5B762183770300FD6A0E /* Release */ = {
			isa = XCBuildConfiguration;
			buildSettings = {
				ALWAYS_SEARCH_USER_PATHS = NO;
				CLANG_ANALYZER_NONNULL = YES;
				CLANG_ANALYZER_NUMBER_OBJECT_CONVERSION = YES_AGGRESSIVE;
				CLANG_CXX_LANGUAGE_STANDARD = "gnu++14";
				CLANG_CXX_LIBRARY = "libc++";
				CLANG_ENABLE_MODULES = YES;
				CLANG_ENABLE_OBJC_ARC = YES;
				CLANG_ENABLE_OBJC_WEAK = YES;
				CLANG_WARN_BLOCK_CAPTURE_AUTORELEASING = YES;
				CLANG_WARN_BOOL_CONVERSION = YES;
				CLANG_WARN_COMMA = YES;
				CLANG_WARN_CONSTANT_CONVERSION = YES;
				CLANG_WARN_DEPRECATED_OBJC_IMPLEMENTATIONS = YES;
				CLANG_WARN_DIRECT_OBJC_ISA_USAGE = YES_ERROR;
				CLANG_WARN_DOCUMENTATION_COMMENTS = YES;
				CLANG_WARN_EMPTY_BODY = YES;
				CLANG_WARN_ENUM_CONVERSION = YES;
				CLANG_WARN_INFINITE_RECURSION = YES;
				CLANG_WARN_INT_CONVERSION = YES;
				CLANG_WARN_NON_LITERAL_NULL_CONVERSION = YES;
				CLANG_WARN_OBJC_IMPLICIT_RETAIN_SELF = YES;
				CLANG_WARN_OBJC_LITERAL_CONVERSION = YES;
				CLANG_WARN_OBJC_ROOT_CLASS = YES_ERROR;
				CLANG_WARN_RANGE_LOOP_ANALYSIS = YES;
				CLANG_WARN_STRICT_PROTOTYPES = YES;
				CLANG_WARN_SUSPICIOUS_MOVE = YES;
				CLANG_WARN_UNGUARDED_AVAILABILITY = YES_AGGRESSIVE;
				CLANG_WARN_UNREACHABLE_CODE = YES;
				CLANG_WARN__DUPLICATE_METHOD_MATCH = YES;
				CODE_SIGN_IDENTITY = "iPhone Developer";
				COPY_PHASE_STRIP = NO;
				DEBUG_INFORMATION_FORMAT = "dwarf-with-dsym";
				ENABLE_NS_ASSERTIONS = NO;
				ENABLE_STRICT_OBJC_MSGSEND = YES;
				GCC_C_LANGUAGE_STANDARD = gnu11;
				GCC_NO_COMMON_BLOCKS = YES;
				GCC_WARN_64_TO_32_BIT_CONVERSION = YES;
				GCC_WARN_ABOUT_RETURN_TYPE = YES_ERROR;
				GCC_WARN_UNDECLARED_SELECTOR = YES;
				GCC_WARN_UNINITIALIZED_AUTOS = YES_AGGRESSIVE;
				GCC_WARN_UNUSED_FUNCTION = YES;
				GCC_WARN_UNUSED_VARIABLE = YES;
				IPHONEOS_DEPLOYMENT_TARGET = 11.1;
				MTL_ENABLE_DEBUG_INFO = NO;
				MTL_FAST_MATH = YES;
				SDKROOT = iphoneos;
				SWIFT_COMPILATION_MODE = wholemodule;
				SWIFT_OPTIMIZATION_LEVEL = "-O";
				SWIFT_VERSION = 4.0;
				VALIDATE_PRODUCT = YES;
			};
			name = Release;
		};
		83EA5B782183770300FD6A0E /* Debug */ = {
			isa = XCBuildConfiguration;
			baseConfigurationReference = 32D960BD8E4D47331B806105 /* Pods-CallBlocka.debug.xcconfig */;
			buildSettings = {
				ALWAYS_EMBED_SWIFT_STANDARD_LIBRARIES = YES;
				ASSETCATALOG_COMPILER_APPICON_NAME = AppIcon;
				CODE_SIGN_ENTITLEMENTS = CallBlocka.entitlements;
				CODE_SIGN_STYLE = Automatic;
				DEVELOPMENT_TEAM = KL43C67G5Z;
				INFOPLIST_FILE = CallBlocka/Info.plist;
				LD_RUNPATH_SEARCH_PATHS = (
					"$(inherited)",
					"@executable_path/Frameworks",
				);
				PRODUCT_BUNDLE_IDENTIFIER = com.johndpope.callBlocka;
				PRODUCT_NAME = "$(TARGET_NAME)";
				SWIFT_VERSION = 4.0;
				TARGETED_DEVICE_FAMILY = "1,2";
			};
			name = Debug;
		};
		83EA5B792183770300FD6A0E /* Release */ = {
			isa = XCBuildConfiguration;
			baseConfigurationReference = 5C98879F886E61991C993F5D /* Pods-CallBlocka.release.xcconfig */;
			buildSettings = {
				ALWAYS_EMBED_SWIFT_STANDARD_LIBRARIES = YES;
				ASSETCATALOG_COMPILER_APPICON_NAME = AppIcon;
				CODE_SIGN_ENTITLEMENTS = CallBlocka.entitlements;
				CODE_SIGN_STYLE = Automatic;
				DEVELOPMENT_TEAM = KL43C67G5Z;
				INFOPLIST_FILE = CallBlocka/Info.plist;
				LD_RUNPATH_SEARCH_PATHS = (
					"$(inherited)",
					"@executable_path/Frameworks",
				);
				PRODUCT_BUNDLE_IDENTIFIER = com.johndpope.callBlocka;
				PRODUCT_NAME = "$(TARGET_NAME)";
				SWIFT_VERSION = 4.0;
				TARGETED_DEVICE_FAMILY = "1,2";
			};
			name = Release;
		};
/* End XCBuildConfiguration section */

/* Begin XCConfigurationList section */
		170BF3792193363D00BD8ACC /* Build configuration list for PBXNativeTarget "SharedStorage" */ = {
			isa = XCConfigurationList;
			buildConfigurations = (
				170BF37A2193363D00BD8ACC /* Debug */,
				170BF37B2193363D00BD8ACC /* Release */,
			);
			defaultConfigurationIsVisible = 0;
			defaultConfigurationName = Release;
		};
		17C6AC882191EFC300482704 /* Build configuration list for PBXNativeTarget "callHandler" */ = {
			isa = XCConfigurationList;
			buildConfigurations = (
				17C6AC892191EFC300482704 /* Debug */,
				17C6AC8A2191EFC300482704 /* Release */,
			);
			defaultConfigurationIsVisible = 0;
			defaultConfigurationName = Release;
		};
		83EA5B602183770200FD6A0E /* Build configuration list for PBXProject "CallBlocka" */ = {
			isa = XCConfigurationList;
			buildConfigurations = (
				83EA5B752183770300FD6A0E /* Debug */,
				83EA5B762183770300FD6A0E /* Release */,
			);
			defaultConfigurationIsVisible = 0;
			defaultConfigurationName = Release;
		};
		83EA5B772183770300FD6A0E /* Build configuration list for PBXNativeTarget "CallBlocka" */ = {
			isa = XCConfigurationList;
			buildConfigurations = (
				83EA5B782183770300FD6A0E /* Debug */,
				83EA5B792183770300FD6A0E /* Release */,
			);
			defaultConfigurationIsVisible = 0;
			defaultConfigurationName = Release;
		};
/* End XCConfigurationList section */

/* Begin XCVersionGroup section */
		170BF3832193368100BD8ACC /* SharedStorageModel.xcdatamodeld */ = {
			isa = XCVersionGroup;
			children = (
				170BF3842193368100BD8ACC /* SharedStorageModel.xcdatamodel */,
			);
			currentVersion = 170BF3842193368100BD8ACC /* SharedStorageModel.xcdatamodel */;
			path = SharedStorageModel.xcdatamodeld;
			sourceTree = "<group>";
			versionGroupType = wrapper.xcdatamodel;
		};
/* End XCVersionGroup section */
	};
	rootObject = 83EA5B5D2183770200FD6A0E /* Project object */;
}
